
Microsoft Visual Studio Solution File, Format Version 12.00
# Visual Studio Version 17
VisualStudioVersion = 17.1.32210.238
MinimumVisualStudioVersion = 10.0.40219.1
Project("{FAE04EC0-301F-11D3-BF4B-00C04F79EFBC}") = "DisruptorPatternTask", "DisruptorPatternTask\DisruptorPatternTask.csproj", "{62B34FC9-8A72-44E8-87C7-375CED37E4F9}"
EndProject
Global
	GlobalSection(SolutionConfigurationPlatforms) = preSolution
		Debug|Any CPU = Debug|Any CPU
		Release|Any CPU = Release|Any CPU
	EndGlobalSection
	GlobalSection(ProjectConfigurationPlatforms) = postSolution
		{62B34FC9-8A72-44E8-87C7-375CED37E4F9}.Debug|Any CPU.ActiveCfg = Debug|Any CPU
		{62B34FC9-8A72-44E8-87C7-375CED37E4F9}.Debug|Any CPU.Build.0 = Debug|Any CPU
		{62B34FC9-8A72-44E8-87C7-375CED37E4F9}.Release|Any CPU.ActiveCfg = Release|Any CPU
		{62B34FC9-8A72-44E8-87C7-375CED37E4F9}.Release|Any CPU.Build.0 = Release|Any CPU
	EndGlobalSection
	GlobalSection(SolutionProperties) = preSolution
		HideSolutionNode = FALSE
	EndGlobalSection
	GlobalSection(ExtensibilityGlobals) = postSolution
		SolutionGuid = {A0DA0CA7-8823-4A73-8701-D8D6FF6A84EA}
	EndGlobalSection
EndGlobal
